
Microsoft Visual Studio Solution File, Format Version 12.00
# Visual Studio 2013
VisualStudioVersion = 12.0.21005.1
MinimumVisualStudioVersion = 10.0.40219.1
Project("{FAE04EC0-301F-11D3-BF4B-00C04F79EFBC}") = "Task1", "Task1\Task1.csproj", "{55EAEC0F-9EC0-48EC-8817-B9CECF833431}"
EndProject
Project("{FAE04EC0-301F-11D3-BF4B-00C04F79EFBC}") = "WpfTask1", "WpfTask1\WpfTask1.csproj", "{0888FEC0-6841-4EA5-9DEB-75241853DCD9}"
EndProject
Project("{FAE04EC0-301F-11D3-BF4B-00C04F79EFBC}") = "training", "training\training.csproj", "{8E4D0D3B-9274-4093-BB47-25844130904B}"
EndProject
Global
	GlobalSection(SolutionConfigurationPlatforms) = preSolution
		Debug|Any CPU = Debug|Any CPU
		Release|Any CPU = Release|Any CPU
	EndGlobalSection
	GlobalSection(ProjectConfigurationPlatforms) = postSolution
		{55EAEC0F-9EC0-48EC-8817-B9CECF833431}.Debug|Any CPU.ActiveCfg = Debug|Any CPU
		{55EAEC0F-9EC0-48EC-8817-B9CECF833431}.Debug|Any CPU.Build.0 = Debug|Any CPU
		{55EAEC0F-9EC0-48EC-8817-B9CECF833431}.Release|Any CPU.ActiveCfg = Release|Any CPU
		{55EAEC0F-9EC0-48EC-8817-B9CECF833431}.Release|Any CPU.Build.0 = Release|Any CPU
		{0888FEC0-6841-4EA5-9DEB-75241853DCD9}.Debug|Any CPU.ActiveCfg = Debug|Any CPU
		{0888FEC0-6841-4EA5-9DEB-75241853DCD9}.Debug|Any CPU.Build.0 = Debug|Any CPU
		{0888FEC0-6841-4EA5-9DEB-75241853DCD9}.Release|Any CPU.ActiveCfg = Release|Any CPU
		{0888FEC0-6841-4EA5-9DEB-75241853DCD9}.Release|Any CPU.Build.0 = Release|Any CPU
		{8E4D0D3B-9274-4093-BB47-25844130904B}.Debug|Any CPU.ActiveCfg = Debug|Any CPU
		{8E4D0D3B-9274-4093-BB47-25844130904B}.Debug|Any CPU.Build.0 = Debug|Any CPU
		{8E4D0D3B-9274-4093-BB47-25844130904B}.Release|Any CPU.ActiveCfg = Release|Any CPU
		{8E4D0D3B-9274-4093-BB47-25844130904B}.Release|Any CPU.Build.0 = Release|Any CPU
	EndGlobalSection
	GlobalSection(SolutionProperties) = preSolution
		HideSolutionNode = FALSE
	EndGlobalSection
EndGlobal
